
Microsoft Visual Studio Solution File, Format Version 12.00
# Visual Studio Version 17
VisualStudioVersion = 17.4.33213.308
MinimumVisualStudioVersion = 10.0.40219.1
Project("{FAE04EC0-301F-11D3-BF4B-00C04F79EFBC}") = "karina", "karina\karina.csproj", "{2EF627DF-1871-46A5-8731-9E5B77757AEA}"
EndProject
Global
	GlobalSection(SolutionConfigurationPlatforms) = preSolution
		Debug|Any CPU = Debug|Any CPU
		Release|Any CPU = Release|Any CPU
	EndGlobalSection
	GlobalSection(ProjectConfigurationPlatforms) = postSolution
		{2EF627DF-1871-46A5-8731-9E5B77757AEA}.Debug|Any CPU.ActiveCfg = Debug|Any CPU
		{2EF627DF-1871-46A5-8731-9E5B77757AEA}.Debug|Any CPU.Build.0 = Debug|Any CPU
		{2EF627DF-1871-46A5-8731-9E5B77757AEA}.Release|Any CPU.ActiveCfg = Release|Any CPU
		{2EF627DF-1871-46A5-8731-9E5B77757AEA}.Release|Any CPU.Build.0 = Release|Any CPU
	EndGlobalSection
	GlobalSection(SolutionProperties) = preSolution
		HideSolutionNode = FALSE
	EndGlobalSection
	GlobalSection(ExtensibilityGlobals) = postSolution
		SolutionGuid = {102FACF6-0CBE-45C1-9CD0-FFDF9D83513B}
	EndGlobalSection
EndGlobal
